{
  "name": "WEB_PROJECT",
  "lockfileVersion": 3,
  "requires": true,
  "packages": {
    "": {
      "dependencies": {
        "wow-classic-items": "^2.0.1",
        "wow-model-viewer": "^1.1.2"
      }
    },
    "node_modules/wow-classic-items": {
      "version": "2.0.1",
      "resolved": "https://registry.npmjs.org/wow-classic-items/-/wow-classic-items-2.0.1.tgz",
      "integrity": "sha512-iAyZNcnHuZNqjTH3qG5jMQoZSLBi4Aq5XYbly0IU+vCJruXkSzHqB8ejGwRp/nFaIS1Ron2/ALYQNtdewd6ZVw==",
      "license": "MIT"
    },
    "node_modules/wow-model-viewer": {
      "version": "1.1.2",
      "resolved": "https://registry.npmjs.org/wow-model-viewer/-/wow-model-viewer-1.1.2.tgz",
      "integrity": "sha512-TPrD1GpdGhzxsdWYVv7iN1hptKGyYdTEBlskdu1nOhp4Uai1L0VVoyzwrOKKsh9cO6oJCvdrYgniwGt2ZQdO4g==",
      "license": "ISC"
    }
  }
}
